PODS:
  - Cloudinary (2.9.0):
    - Cloudinary/ios (= 2.9.0)
  - Cloudinary/ios (2.9.0)

DEPENDENCIES:
  - Cloudinary (~> 2.0)

SPEC REPOS:
  trunk:
    - Cloudinary

SPEC CHECKSUMS:
  Cloudinary: 8e9511826bd58df6b14f0c6c042f2c5a034081f4

PODFILE CHECKSUM: e51a619d91e1e01ca5a83ae4b970e553dcb0d94c

COCOAPODS: 1.10.0
