PODS:
  - AgoraRtcEngine_iOS (3.1.2)
  - Cloudinary (2.9.0):
    - Cloudinary/ios (= 2.9.0)
  - Cloudinary/ios (2.9.0)
  - Keys (1.0.1)

DEPENDENCIES:
  - AgoraRtcEngine_iOS
  - Cloudinary (~> 2.0)
  - Keys (from `Pods/CocoaPodsKeys`)

SPEC REPOS:
  trunk:
    - AgoraRtcEngine_iOS
    - Cloudinary

EXTERNAL SOURCES:
  Keys:
    :path: Pods/CocoaPodsKeys

SPEC CHECKSUMS:
  AgoraRtcEngine_iOS: 0628532d3475471d1c352ba548cee98492850cc0
  Cloudinary: 8e9511826bd58df6b14f0c6c042f2c5a034081f4
  Keys: a576f4c9c1c641ca913a959a9c62ed3f215a8de9

PODFILE CHECKSUM: 41f622db0a4079b7d992473b67125b1115da1881

COCOAPODS: 1.10.0
